// !$*UTF8*$!
{
	archiveVersion = 1;
	classes = {
	};
	objectVersion = 77;
	objects = {

/* Begin PBXBuildFile section */
		515FEE313028AF8D00A40A69 /* FirebaseAnalytics in Frameworks */ = {isa = PBXBuildFile; productRef = 515FEE303028AF8D00A40A69 /* FirebaseAnalytics */; };
		515FEE333028AF8D00A40A69 /* FirebaseAnalyticsCore in Frameworks */ = {isa = PBXBuildFile; productRef = 515FEE323028AF8D00A40A69 /* FirebaseAnalyticsCore */; };
		515FEE353028AF8D00A40A69 /* FirebaseAnalyticsIdentitySupport in Frameworks */ = {isa = PBXBuildFile; productRef = 515FEE343028AF8D00A40A69 /* FirebaseAnalyticsIdentitySupport */; };
		515FEE373028AF8D00A40A69 /* FirebaseAppCheck in Frameworks */ = {isa = PBXBuildFile; productRef = 515FEE363028AF8D00A40A69 /* FirebaseAppCheck */; };
		515FEE393028AF8D00A40A69 /* FirebaseAuth in Frameworks */ = {isa = PBXBuildFile; productRef = 515FEE383028AF8D00A40A69 /* FirebaseAuth */; };
		515FEE3B3028AF8D00A40A69 /* FirebaseAuthCombine-Community in Frameworks */ = {isa = PBXBuildFile; productRef = 515FEE3A3028AF8D00A40A69 /* FirebaseAuthCombine-Community */; };
		515FEE3D3028AF8D00A40A69 /* FirebaseCrashlytics in Frameworks */ = {isa = PBXBuildFile; productRef = 515FEE3C3028AF8D00A40A69 /* FirebaseCrashlytics */; };
		515FEE3F3028AF8D00A40A69 /* FirebaseFirestore in Frameworks */ = {isa = PBXBuildFile; productRef = 515FEE3E3028AF8D00A40A69 /* FirebaseFirestore */; };
		515FEE413028AF8D00A40A69 /* FirebaseFirestoreCombine-Community in Frameworks */ = {isa = PBXBuildFile; productRef = 515FEE403028AF8D00A40A69 /* FirebaseFirestoreCombine-Community */; };
		515FEE433028AF8D00A40A69 /* FirebaseFunctions in Frameworks */ = {isa = PBXBuildFile; productRef = 515FEE423028AF8D00A40A69 /* FirebaseFunctions */; };
		515FEE453028AF8D00A40A69 /* FirebaseFunctionsCombine-Community in Frameworks */ = {isa = PBXBuildFile; productRef = 515FEE443028AF8D00A40A69 /* FirebaseFunctionsCombine-Community */; };
		515FEE473028AF8D00A40A69 /* FirebaseInAppMessaging-Beta in Frameworks */ = {isa = PBXBuildFile; productRef = 515FEE463028AF8D00A40A69 /* FirebaseInAppMessaging-Beta */; };
		515FEE493028AF8D00A40A69 /* FirebaseMessaging in Frameworks */ = {isa = PBXBuildFile; productRef = 515FEE483028AF8D00A40A69 /* FirebaseMessaging */; };
		515FEE4B3028AF8D00A40A69 /* FirebasePerformance in Frameworks */ = {isa = PBXBuildFile; productRef = 515FEE4A3028AF8D00A40A69 /* FirebasePerformance */; };
		515FEE663028B62F00A40A69 /* GoogleSignIn in Frameworks */ = {isa = PBXBuildFile; productRef = 515FEE653028B62F00A40A69 /* GoogleSignIn */; };
		515FEE683028B62F00A40A69 /* GoogleSignInSwift in Frameworks */ = {isa = PBXBuildFile; productRef = 515FEE673028B62F00A40A69 /* GoogleSignInSwift */; };
		929887402EF083DE75296FB4 /* KotlinMultiplatformLinkedPackage in Frameworks */ = {isa = PBXBuildFile; productRef = C4838CBF7967ADC8A4C519BE /* KotlinMultiplatformLinkedPackage */; };
/* End PBXBuildFile section */

/* Begin PBXFileReference section */
		31E156B9672F5775BF916919 /* Turnia.app */ = {isa = PBXFileReference; explicitFileType = wrapper.application; includeInIndex = 0; path = Turnia.app; sourceTree = BUILT_PRODUCTS_DIR; };
/* End PBXFileReference section */

/* Begin PBXFileSystemSynchronizedBuildFileExceptionSet section */
		2A8A6A28B3862458AAD71375 /* Exceptions for "iosApp" folder in "iosApp" target */ = {
			isa = PBXFileSystemSynchronizedBuildFileExceptionSet;
			membershipExceptions = (
				Info.plist,
			);
			target = F8642A6EB54822308EB8BAB9 /* iosApp */;
		};
/* End PBXFileSystemSynchronizedBuildFileExceptionSet section */

/* Begin PBXFileSystemSynchronizedRootGroup section */
		38A1AD940813AC86013E1D4A /* iosApp */ = {
			isa = PBXFileSystemSynchronizedRootGroup;
			exceptions = (
				2A8A6A28B3862458AAD71375 /* Exceptions for "iosApp" folder in "iosApp" target */,
			);
			path = iosApp;
			sourceTree = "<group>";
		};
		A6935CA4D937E427103F2A83 /* Configuration */ = {
			isa = PBXFileSystemSynchronizedRootGroup;
			path = Configuration;
			sourceTree = "<group>";
		};
/* End PBXFileSystemSynchronizedRootGroup section */

/* Begin PBXFrameworksBuildPhase section */
		D829637784C2A8BFEE6708E6 /* Frameworks */ = {
			isa = PBXFrameworksBuildPhase;
			buildActionMask = 2147483647;
			files = (
				515FEE4B3028AF8D00A40A69 /* FirebasePerformance in Frameworks */,
				515FEE663028B62F00A40A69 /* GoogleSignIn in Frameworks */,
				515FEE373028AF8D00A40A69 /* FirebaseAppCheck in Frameworks */,
				515FEE3B3028AF8D00A40A69 /* FirebaseAuthCombine-Community in Frameworks */,
				515FEE393028AF8D00A40A69 /* FirebaseAuth in Frameworks */,
				515FEE413028AF8D00A40A69 /* FirebaseFirestoreCombine-Community in Frameworks */,
				515FEE3D3028AF8D00A40A69 /* FirebaseCrashlytics in Frameworks */,
				515FEE313028AF8D00A40A69 /* FirebaseAnalytics in Frameworks */,
				515FEE3F3028AF8D00A40A69 /* FirebaseFirestore in Frameworks */,
				515FEE683028B62F00A40A69 /* GoogleSignInSwift in Frameworks */,
				515FEE433028AF8D00A40A69 /* FirebaseFunctions in Frameworks */,
				515FEE493028AF8D00A40A69 /* FirebaseMessaging in Frameworks */,
				515FEE333028AF8D00A40A69 /* FirebaseAnalyticsCore in Frameworks */,
				515FEE453028AF8D00A40A69 /* FirebaseFunctionsCombine-Community in Frameworks */,
				515FEE353028AF8D00A40A69 /* FirebaseAnalyticsIdentitySupport in Frameworks */,
				515FEE473028AF8D00A40A69 /* FirebaseInAppMessaging-Beta in Frameworks */,
				929887402EF083DE75296FB4 /* KotlinMultiplatformLinkedPackage in Frameworks */,
			);
			runOnlyForDeploymentPostprocessing = 0;
		};
/* End PBXFrameworksBuildPhase section */

/* Begin PBXGroup section */
		900FE4839C9D767CC583D269 /* Products */ = {
			isa = PBXGroup;
			children = (
				31E156B9672F5775BF916919 /* Turnia.app */,
			);
			name = Products;
			sourceTree = "<group>";
		};
		9C679D87D5B0ABB8C8958424 = {
			isa = PBXGroup;
			children = (
				A6935CA4D937E427103F2A83 /* Configuration */,
				38A1AD940813AC86013E1D4A /* iosApp */,
				900FE4839C9D767CC583D269 /* Products */,
			);
			sourceTree = "<group>";
		};
/* End PBXGroup section */

/* Begin PBXNativeTarget section */
		F8642A6EB54822308EB8BAB9 /* iosApp */ = {
			isa = PBXNativeTarget;
			buildConfigurationList = 1D928DC4AD25342EC0E1F5B7 /* Build configuration list for PBXNativeTarget "iosApp" */;
			buildPhases = (
				4DECA08C48CC81E892BBA5E2 /* Compile Kotlin Framework */,
				1263CF1662D1076D39CC95B4 /* Sources */,
				D829637784C2A8BFEE6708E6 /* Frameworks */,
				D9CE6897A2FCD03E29FD53C4 /* Resources */,
			);
			buildRules = (
			);
			dependencies = (
			);
			fileSystemSynchronizedGroups = (
				38A1AD940813AC86013E1D4A /* iosApp */,
			);
			name = iosApp;
			packageProductDependencies = (
				515FEE303028AF8D00A40A69 /* FirebaseAnalytics */,
				515FEE323028AF8D00A40A69 /* FirebaseAnalyticsCore */,
				515FEE343028AF8D00A40A69 /* FirebaseAnalyticsIdentitySupport */,
				515FEE363028AF8D00A40A69 /* FirebaseAppCheck */,
				515FEE383028AF8D00A40A69 /* FirebaseAuth */,
				515FEE3A3028AF8D00A40A69 /* FirebaseAuthCombine-Community */,
				515FEE3C3028AF8D00A40A69 /* FirebaseCrashlytics */,
				515FEE3E3028AF8D00A40A69 /* FirebaseFirestore */,
				515FEE403028AF8D00A40A69 /* FirebaseFirestoreCombine-Community */,
				515FEE423028AF8D00A40A69 /* FirebaseFunctions */,
				515FEE443028AF8D00A40A69 /* FirebaseFunctionsCombine-Community */,
				515FEE463028AF8D00A40A69 /* FirebaseInAppMessaging-Beta */,
				515FEE483028AF8D00A40A69 /* FirebaseMessaging */,
				515FEE4A3028AF8D00A40A69 /* FirebasePerformance */,
				C4838CBF7967ADC8A4C519BE /* KotlinMultiplatformLinkedPackage */,
				515FEE653028B62F00A40A69 /* GoogleSignIn */,
				515FEE673028B62F00A40A69 /* GoogleSignInSwift */,
			);
			productName = iosApp;
			productReference = 31E156B9672F5775BF916919 /* Turnia.app */;
			productType = "com.apple.product-type.application";
		};
/* End PBXNativeTarget section */

/* Begin PBXProject section */
		2B375072DBB2BDB9F1418F3F /* Project object */ = {
			isa = PBXProject;
			attributes = {
				BuildIndependentTargetsInParallel = 1;
				LastSwiftUpdateCheck = 1620;
				LastUpgradeCheck = 1620;
				TargetAttributes = {
					F8642A6EB54822308EB8BAB9 = {
						CreatedOnToolsVersion = 16.2;
					};
				};
			};
			buildConfigurationList = 58D93CCAD956729DDA40AD21 /* Build configuration list for PBXProject "iosApp" */;
			developmentRegion = en;
			hasScannedForEncodings = 0;
			knownRegions = (
				en,
				Base,
			);
			mainGroup = 9C679D87D5B0ABB8C8958424;
			minimizedProjectReferenceProxies = 1;
			packageReferences = (
				515FEE2F3028AF8D00A40A69 /* XCRemoteSwiftPackageReference "firebase-ios-sdk" */,
				899391ABBB10B01A00DA7F40 /* XCLocalSwiftPackageReference "KotlinMultiplatformLinkedPackage" */,
				515FEE643028B62F00A40A69 /* XCRemoteSwiftPackageReference "GoogleSignIn-iOS" */,
			);
			preferredProjectObjectVersion = 77;
			productRefGroup = 900FE4839C9D767CC583D269 /* Products */;
			projectDirPath = "";
			projectRoot = "";
			targets = (
				F8642A6EB54822308EB8BAB9 /* iosApp */,
			);
		};
/* End PBXProject section */

/* Begin PBXResourcesBuildPhase section */
		D9CE6897A2FCD03E29FD53C4 /* Resources */ = {
			isa = PBXResourcesBuildPhase;
			buildActionMask = 2147483647;
			files = (
			);
			runOnlyForDeploymentPostprocessing = 0;
		};
/* End PBXResourcesBuildPhase section */

/* Begin PBXShellScriptBuildPhase section */
		4DECA08C48CC81E892BBA5E2 /* Compile Kotlin Framework */ = {
			isa = PBXShellScriptBuildPhase;
			alwaysOutOfDate = 1;
			buildActionMask = 2147483647;
			files = (
			);
			inputFileListPaths = (
			);
			inputPaths = (
			);
			name = "Compile Kotlin Framework";
			outputFileListPaths = (
			);
			outputPaths = (
			);
			runOnlyForDeploymentPostprocessing = 0;
			shellPath = /bin/sh;
			shellScript = "if [ \"YES\" = \"$OVERRIDE_KOTLIN_BUILD_IDE_SUPPORTED\" ]; then\n  echo \"Skipping Gradle build task invocation due to OVERRIDE_KOTLIN_BUILD_IDE_SUPPORTED environment variable set to \\\"YES\\\"\"\n  exit 0\nfi\ncd \"$SRCROOT/../..\"\n./gradlew :app:shared:embedAndSignAppleFrameworkForXcode\n";
		};
/* End PBXShellScriptBuildPhase section */

/* Begin PBXSourcesBuildPhase section */
		1263CF1662D1076D39CC95B4 /* Sources */ = {
			isa = PBXSourcesBuildPhase;
			buildActionMask = 2147483647;
			files = (
			);
			runOnlyForDeploymentPostprocessing = 0;
		};
/* End PBXSourcesBuildPhase section */

/* Begin XCBuildConfiguration section */
		10D1B431DC5F73C209730639 /* Debug */ = {
			isa = XCBuildConfiguration;
			baseConfigurationReferenceAnchor = A6935CA4D937E427103F2A83 /* Configuration */;
			baseConfigurationReferenceRelativePath = Config.xcconfig;
			buildSettings = {
				ALWAYS_SEARCH_USER_PATHS = NO;
				ASSETCATALOG_COMPILER_GENERATE_SWIFT_ASSET_SYMBOL_EXTENSIONS = YES;
				CLANG_ANALYZER_NONNULL = YES;
				CLANG_ANALYZER_NUMBER_OBJECT_CONVERSION = YES_AGGRESSIVE;
				CLANG_CXX_LANGUAGE_STANDARD = "gnu++20";
				CLANG_ENABLE_MODULES = YES;
				CLANG_ENABLE_OBJC_ARC = YES;
				CLANG_ENABLE_OBJC_WEAK = YES;
				CLANG_WARN_BLOCK_CAPTURE_AUTORELEASING = YES;
				CLANG_WARN_BOOL_CONVERSION = YES;
				CLANG_WARN_COMMA = YES;
				CLANG_WARN_CONSTANT_CONVERSION = YES;
				CLANG_WARN_DEPRECATED_OBJC_IMPLEMENTATIONS = YES;
				CLANG_WARN_DIRECT_OBJC_ISA_USAGE = YES_ERROR;
				CLANG_WARN_DOCUMENTATION_COMMENTS = YES;
				CLANG_WARN_EMPTY_BODY = YES;
				CLANG_WARN_ENUM_CONVERSION = YES;
				CLANG_WARN_INFINITE_RECURSION = YES;
				CLANG_WARN_INT_CONVERSION = YES;
				CLANG_WARN_NON_LITERAL_NULL_CONVERSION = YES;
				CLANG_WARN_OBJC_IMPLICIT_RETAIN_SELF = YES;
				CLANG_WARN_OBJC_LITERAL_CONVERSION = YES;
				CLANG_WARN_OBJC_ROOT_CLASS = YES_ERROR;
				CLANG_WARN_QUOTED_INCLUDE_IN_FRAMEWORK_HEADER = YES;
				CLANG_WARN_RANGE_LOOP_ANALYSIS = YES;
				CLANG_WARN_STRICT_PROTOTYPES = YES;
				CLANG_WARN_SUSPICIOUS_MOVE = YES;
				CLANG_WARN_UNGUARDED_AVAILABILITY = YES_AGGRESSIVE;
				CLANG_WARN_UNREACHABLE_CODE = YES;
				CLANG_WARN__DUPLICATE_METHOD_MATCH = YES;
				COPY_PHASE_STRIP = NO;
				DEBUG_INFORMATION_FORMAT = dwarf;
				ENABLE_STRICT_OBJC_MSGSEND = YES;
				ENABLE_TESTABILITY = YES;
				ENABLE_USER_SCRIPT_SANDBOXING = NO;
				GCC_C_LANGUAGE_STANDARD = gnu17;
				GCC_DYNAMIC_NO_PIC = NO;
				GCC_NO_COMMON_BLOCKS = YES;
				GCC_OPTIMIZATION_LEVEL = 0;
				GCC_PREPROCESSOR_DEFINITIONS = (
					"DEBUG=1",
					"$(inherited)",
				);
				GCC_WARN_64_TO_32_BIT_CONVERSION = YES;
				GCC_WARN_ABOUT_RETURN_TYPE = YES_ERROR;
				GCC_WARN_UNDECLARED_SELECTOR = YES;
				GCC_WARN_UNINITIALIZED_AUTOS = YES_AGGRESSIVE;
				GCC_WARN_UNUSED_FUNCTION = YES;
				GCC_WARN_UNUSED_VARIABLE = YES;
				IPHONEOS_DEPLOYMENT_TARGET = 18.2;
				LOCALIZATION_PREFERS_STRING_CATALOGS = YES;
				MTL_ENABLE_DEBUG_INFO = INCLUDE_SOURCE;
				MTL_FAST_MATH = YES;
				ONLY_ACTIVE_ARCH = YES;
				SDKROOT = iphoneos;
				SWIFT_ACTIVE_COMPILATION_CONDITIONS = "DEBUG $(inherited)";
				SWIFT_OPTIMIZATION_LEVEL = "-Onone";
			};
			name = Debug;
		};
		204A5A9478803B6384F98C72 /* Release */ = {
			isa = XCBuildConfiguration;
			buildSettings = {
				ARCHS = arm64;
				ASSETCATALOG_COMPILER_APPICON_NAME = AppIcon;
				ASSETCATALOG_COMPILER_GLOBAL_ACCENT_COLOR_NAME = AccentColor;
				CODE_SIGN_IDENTITY = "Apple Development";
				CODE_SIGN_STYLE = Automatic;
				DEVELOPMENT_ASSET_PATHS = "\"iosApp/Preview Content\"";
				DEVELOPMENT_TEAM = "${TEAM_ID}";
				ENABLE_PREVIEWS = YES;
				GENERATE_INFOPLIST_FILE = YES;
				INFOPLIST_FILE = iosApp/Info.plist;
				INFOPLIST_KEY_LSApplicationCategoryType = "public.app-category.productivity";
				INFOPLIST_KEY_UIApplicationSceneManifest_Generation = YES;
				INFOPLIST_KEY_UIApplicationSupportsIndirectInputEvents = YES;
				INFOPLIST_KEY_UILaunchScreen_Generation = YES;
				INFOPLIST_KEY_UISupportedInterfaceOrientations_iPad = "UIInterfaceOrientationPortrait UIInterfaceOrientationPortraitUpsideDown UIInterfaceOrientationLandscapeLeft UIInterfaceOrientationLandscapeRight";
				INFOPLIST_KEY_UISupportedInterfaceOrientations_iPhone = "UIInterfaceOrientationPortrait UIInterfaceOrientationLandscapeLeft UIInterfaceOrientationLandscapeRight";
				LD_RUNPATH_SEARCH_PATHS = (
					"$(inherited)",
					"@executable_path/Frameworks",
				);
				SWIFT_EMIT_LOC_STRINGS = YES;
				SWIFT_VERSION = 5.0;
				TARGETED_DEVICE_FAMILY = "1,2";
			};
			name = Release;
		};
		85450A32D217FA576BF2F49A /* Release */ = {
			isa = XCBuildConfiguration;
			baseConfigurationReferenceAnchor = A6935CA4D937E427103F2A83 /* Configuration */;
			baseConfigurationReferenceRelativePath = Config.xcconfig;
			buildSettings = {
				ALWAYS_SEARCH_USER_PATHS = NO;
				ASSETCATALOG_COMPILER_GENERATE_SWIFT_ASSET_SYMBOL_EXTENSIONS = YES;
				CLANG_ANALYZER_NONNULL = YES;
				CLANG_ANALYZER_NUMBER_OBJECT_CONVERSION = YES_AGGRESSIVE;
				CLANG_CXX_LANGUAGE_STANDARD = "gnu++20";
				CLANG_ENABLE_MODULES = YES;
				CLANG_ENABLE_OBJC_ARC = YES;
				CLANG_ENABLE_OBJC_WEAK = YES;
				CLANG_WARN_BLOCK_CAPTURE_AUTORELEASING = YES;
				CLANG_WARN_BOOL_CONVERSION = YES;
				CLANG_WARN_COMMA = YES;
				CLANG_WARN_CONSTANT_CONVERSION = YES;
				CLANG_WARN_DEPRECATED_OBJC_IMPLEMENTATIONS = YES;
				CLANG_WARN_DIRECT_OBJC_ISA_USAGE = YES_ERROR;
				CLANG_WARN_DOCUMENTATION_COMMENTS = YES;
				CLANG_WARN_EMPTY_BODY = YES;
				CLANG_WARN_ENUM_CONVERSION = YES;
				CLANG_WARN_INFINITE_RECURSION = YES;
				CLANG_WARN_INT_CONVERSION = YES;
				CLANG_WARN_NON_LITERAL_NULL_CONVERSION = YES;
				CLANG_WARN_OBJC_IMPLICIT_RETAIN_SELF = YES;
				CLANG_WARN_OBJC_LITERAL_CONVERSION = YES;
				CLANG_WARN_OBJC_ROOT_CLASS = YES_ERROR;
				CLANG_WARN_QUOTED_INCLUDE_IN_FRAMEWORK_HEADER = YES;
				CLANG_WARN_RANGE_LOOP_ANALYSIS = YES;
				CLANG_WARN_STRICT_PROTOTYPES = YES;
				CLANG_WARN_SUSPICIOUS_MOVE = YES;
				CLANG_WARN_UNGUARDED_AVAILABILITY = YES_AGGRESSIVE;
				CLANG_WARN_UNREACHABLE_CODE = YES;
				CLANG_WARN__DUPLICATE_METHOD_MATCH = YES;
				COPY_PHASE_STRIP = NO;
				DEBUG_INFORMATION_FORMAT = "dwarf-with-dsym";
				ENABLE_NS_ASSERTIONS = NO;
				ENABLE_STRICT_OBJC_MSGSEND = YES;
				ENABLE_USER_SCRIPT_SANDBOXING = NO;
				GCC_C_LANGUAGE_STANDARD = gnu17;
				GCC_NO_COMMON_BLOCKS = YES;
				GCC_WARN_64_TO_32_BIT_CONVERSION = YES;
				GCC_WARN_ABOUT_RETURN_TYPE = YES_ERROR;
				GCC_WARN_UNDECLARED_SELECTOR = YES;
				GCC_WARN_UNINITIALIZED_AUTOS = YES_AGGRESSIVE;
				GCC_WARN_UNUSED_FUNCTION = YES;
				GCC_WARN_UNUSED_VARIABLE = YES;
				IPHONEOS_DEPLOYMENT_TARGET = 18.2;
				LOCALIZATION_PREFERS_STRING_CATALOGS = YES;
				MTL_ENABLE_DEBUG_INFO = NO;
				MTL_FAST_MATH = YES;
				SDKROOT = iphoneos;
				SWIFT_COMPILATION_MODE = wholemodule;
				VALIDATE_PRODUCT = YES;
			};
			name = Release;
		};
		AE304AEEF8A7CAE9D7BF4CF4 /* Debug */ = {
			isa = XCBuildConfiguration;
			buildSettings = {
				ARCHS = arm64;
				ASSETCATALOG_COMPILER_APPICON_NAME = AppIcon;
				ASSETCATALOG_COMPILER_GLOBAL_ACCENT_COLOR_NAME = AccentColor;
				CODE_SIGN_IDENTITY = "Apple Development";
				CODE_SIGN_STYLE = Automatic;
				DEVELOPMENT_ASSET_PATHS = "\"iosApp/Preview Content\"";
				DEVELOPMENT_TEAM = "${TEAM_ID}";
				ENABLE_PREVIEWS = YES;
				GENERATE_INFOPLIST_FILE = YES;
				INFOPLIST_FILE = iosApp/Info.plist;
				INFOPLIST_KEY_LSApplicationCategoryType = "public.app-category.productivity";
				INFOPLIST_KEY_UIApplicationSceneManifest_Generation = YES;
				INFOPLIST_KEY_UIApplicationSupportsIndirectInputEvents = YES;
				INFOPLIST_KEY_UILaunchScreen_Generation = YES;
				INFOPLIST_KEY_UISupportedInterfaceOrientations_iPad = "UIInterfaceOrientationPortrait UIInterfaceOrientationPortraitUpsideDown UIInterfaceOrientationLandscapeLeft UIInterfaceOrientationLandscapeRight";
				INFOPLIST_KEY_UISupportedInterfaceOrientations_iPhone = "UIInterfaceOrientationPortrait UIInterfaceOrientationLandscapeLeft UIInterfaceOrientationLandscapeRight";
				LD_RUNPATH_SEARCH_PATHS = (
					"$(inherited)",
					"@executable_path/Frameworks",
				);
				SWIFT_EMIT_LOC_STRINGS = YES;
				SWIFT_VERSION = 5.0;
				TARGETED_DEVICE_FAMILY = "1,2";
			};
			name = Debug;
		};
/* End XCBuildConfiguration section */

/* Begin XCConfigurationList section */
		1D928DC4AD25342EC0E1F5B7 /* Build configuration list for PBXNativeTarget "iosApp" */ = {
			isa = XCConfigurationList;
			buildConfigurations = (
				AE304AEEF8A7CAE9D7BF4CF4 /* Debug */,
				204A5A9478803B6384F98C72 /* Release */,
			);
			defaultConfigurationIsVisible = 0;
			defaultConfigurationName = Release;
		};
		58D93CCAD956729DDA40AD21 /* Build configuration list for PBXProject "iosApp" */ = {
			isa = XCConfigurationList;
			buildConfigurations = (
				10D1B431DC5F73C209730639 /* Debug */,
				85450A32D217FA576BF2F49A /* Release */,
			);
			defaultConfigurationIsVisible = 0;
			defaultConfigurationName = Release;
		};
/* End XCConfigurationList section */

/* Begin XCLocalSwiftPackageReference section */
		899391ABBB10B01A00DA7F40 /* XCLocalSwiftPackageReference "KotlinMultiplatformLinkedPackage" */ = {
			isa = XCLocalSwiftPackageReference;
			relativePath = KotlinMultiplatformLinkedPackage;
		};
/* End XCLocalSwiftPackageReference section */

/* Begin XCRemoteSwiftPackageReference section */
		515FEE2F3028AF8D00A40A69 /* XCRemoteSwiftPackageReference "firebase-ios-sdk" */ = {
			isa = XCRemoteSwiftPackageReference;
			repositoryURL = "https://github.com/firebase/firebase-ios-sdk";
			requirement = {
				kind = upToNextMajorVersion;
				minimumVersion = 12.17.0;
			};
		};
		515FEE643028B62F00A40A69 /* XCRemoteSwiftPackageReference "GoogleSignIn-iOS" */ = {
			isa = XCRemoteSwiftPackageReference;
			repositoryURL = "https://github.com/google/GoogleSignIn-iOS";
			requirement = {
				kind = upToNextMajorVersion;
				minimumVersion = 9.2.0;
			};
		};
/* End XCRemoteSwiftPackageReference section */

/* Begin XCSwiftPackageProductDependency section */
		515FEE303028AF8D00A40A69 /* FirebaseAnalytics */ = {
			isa = XCSwiftPackageProductDependency;
			package = 515FEE2F3028AF8D00A40A69 /* XCRemoteSwiftPackageReference "firebase-ios-sdk" */;
			productName = FirebaseAnalytics;
		};
		515FEE323028AF8D00A40A69 /* FirebaseAnalyticsCore */ = {
			isa = XCSwiftPackageProductDependency;
			package = 515FEE2F3028AF8D00A40A69 /* XCRemoteSwiftPackageReference "firebase-ios-sdk" */;
			productName = FirebaseAnalyticsCore;
		};
		515FEE343028AF8D00A40A69 /* FirebaseAnalyticsIdentitySupport */ = {
			isa = XCSwiftPackageProductDependency;
			package = 515FEE2F3028AF8D00A40A69 /* XCRemoteSwiftPackageReference "firebase-ios-sdk" */;
			productName = FirebaseAnalyticsIdentitySupport;
		};
		515FEE363028AF8D00A40A69 /* FirebaseAppCheck */ = {
			isa = XCSwiftPackageProductDependency;
			package = 515FEE2F3028AF8D00A40A69 /* XCRemoteSwiftPackageReference "firebase-ios-sdk" */;
			productName = FirebaseAppCheck;
		};
		515FEE383028AF8D00A40A69 /* FirebaseAuth */ = {
			isa = XCSwiftPackageProductDependency;
			package = 515FEE2F3028AF8D00A40A69 /* XCRemoteSwiftPackageReference "firebase-ios-sdk" */;
			productName = FirebaseAuth;
		};
		515FEE3A3028AF8D00A40A69 /* FirebaseAuthCombine-Community */ = {
			isa = XCSwiftPackageProductDependency;
			package = 515FEE2F3028AF8D00A40A69 /* XCRemoteSwiftPackageReference "firebase-ios-sdk" */;
			productName = "FirebaseAuthCombine-Community";
		};
		515FEE3C3028AF8D00A40A69 /* FirebaseCrashlytics */ = {
			isa = XCSwiftPackageProductDependency;
			package = 515FEE2F3028AF8D00A40A69 /* XCRemoteSwiftPackageReference "firebase-ios-sdk" */;
			productName = FirebaseCrashlytics;
		};
		515FEE3E3028AF8D00A40A69 /* FirebaseFirestore */ = {
			isa = XCSwiftPackageProductDependency;
			package = 515FEE2F3028AF8D00A40A69 /* XCRemoteSwiftPackageReference "firebase-ios-sdk" */;
			productName = FirebaseFirestore;
		};
		515FEE403028AF8D00A40A69 /* FirebaseFirestoreCombine-Community */ = {
			isa = XCSwiftPackageProductDependency;
			package = 515FEE2F3028AF8D00A40A69 /* XCRemoteSwiftPackageReference "firebase-ios-sdk" */;
			productName = "FirebaseFirestoreCombine-Community";
		};
		515FEE423028AF8D00A40A69 /* FirebaseFunctions */ = {
			isa = XCSwiftPackageProductDependency;
			package = 515FEE2F3028AF8D00A40A69 /* XCRemoteSwiftPackageReference "firebase-ios-sdk" */;
			productName = FirebaseFunctions;
		};
		515FEE443028AF8D00A40A69 /* FirebaseFunctionsCombine-Community */ = {
			isa = XCSwiftPackageProductDependency;
			package = 515FEE2F3028AF8D00A40A69 /* XCRemoteSwiftPackageReference "firebase-ios-sdk" */;
			productName = "FirebaseFunctionsCombine-Community";
		};
		515FEE463028AF8D00A40A69 /* FirebaseInAppMessaging-Beta */ = {
			isa = XCSwiftPackageProductDependency;
			package = 515FEE2F3028AF8D00A40A69 /* XCRemoteSwiftPackageReference "firebase-ios-sdk" */;
			productName = "FirebaseInAppMessaging-Beta";
		};
		515FEE483028AF8D00A40A69 /* FirebaseMessaging */ = {
			isa = XCSwiftPackageProductDependency;
			package = 515FEE2F3028AF8D00A40A69 /* XCRemoteSwiftPackageReference "firebase-ios-sdk" */;
			productName = FirebaseMessaging;
		};
		515FEE4A3028AF8D00A40A69 /* FirebasePerformance */ = {
			isa = XCSwiftPackageProductDependency;
			package = 515FEE2F3028AF8D00A40A69 /* XCRemoteSwiftPackageReference "firebase-ios-sdk" */;
			productName = FirebasePerformance;
		};
		515FEE653028B62F00A40A69 /* GoogleSignIn */ = {
			isa = XCSwiftPackageProductDependency;
			package = 515FEE643028B62F00A40A69 /* XCRemoteSwiftPackageReference "GoogleSignIn-iOS" */;
			productName = GoogleSignIn;
		};
		515FEE673028B62F00A40A69 /* GoogleSignInSwift */ = {
			isa = XCSwiftPackageProductDependency;
			package = 515FEE643028B62F00A40A69 /* XCRemoteSwiftPackageReference "GoogleSignIn-iOS" */;
			productName = GoogleSignInSwift;
		};
		C4838CBF7967ADC8A4C519BE /* KotlinMultiplatformLinkedPackage */ = {
			isa = XCSwiftPackageProductDependency;
			productName = KotlinMultiplatformLinkedPackage;
		};
/* End XCSwiftPackageProductDependency section */
	};
	rootObject = 2B375072DBB2BDB9F1418F3F /* Project object */;
}
